
Microsoft Visual Studio Solution File, Format Version 12.00
# Visual Studio Version 16
VisualStudioVersion = 16.0.30523.141
MinimumVisualStudioVersion = 10.0.40219.1
Project("{FAE04EC0-301F-11D3-BF4B-00C04F79EFBC}") = "CaucaRegion", "CaucaRegion\CaucaRegion.csproj", "{07C989C4-4B4F-4947-BDAB-6EB92DA10F8E}"
EndProject
Global
	GlobalSection(SolutionConfigurationPlatforms) = preSolution
		Debug|Any CPU = Debug|Any CPU
		Release|Any CPU = Release|Any CPU
	EndGlobalSection
	GlobalSection(ProjectConfigurationPlatforms) = postSolution
		{07C989C4-4B4F-4947-BDAB-6EB92DA10F8E}.Debug|Any CPU.ActiveCfg = Debug|Any CPU
		{07C989C4-4B4F-4947-BDAB-6EB92DA10F8E}.Debug|Any CPU.Build.0 = Debug|Any CPU
		{07C989C4-4B4F-4947-BDAB-6EB92DA10F8E}.Release|Any CPU.ActiveCfg = Release|Any CPU
		{07C989C4-4B4F-4947-BDAB-6EB92DA10F8E}.Release|Any CPU.Build.0 = Release|Any CPU
	EndGlobalSection
	GlobalSection(SolutionProperties) = preSolution
		HideSolutionNode = FALSE
	EndGlobalSection
	GlobalSection(ExtensibilityGlobals) = postSolution
		SolutionGuid = {408CF71A-B773-4AB2-9A4C-6E8985A36000}
	EndGlobalSection
EndGlobal
